<?xml version="1.0" encoding="utf-8"?>
<Project ToolsVersion="4.0" xmlns="http://schemas.microsoft.com/developer/msbuild/2003">
  <ItemGroup>
    <Filter Include="Source Files">
      <UniqueIdentifier>{4FC737F1-C7A5-4376-A066-2A32D752A2FF}</UniqueIdentifier>
      <Extensions>cpp;c;cc;cxx;c++;def;odl;idl;hpj;bat;asm;asmx</Extensions>
    </Filter>
    <Filter Include="Header Files">
      <UniqueIdentifier>{93995380-89BD-4b04-88EB-625FBE52EBFB}</UniqueIdentifier>
      <Extensions>h;hh;hpp;hxx;h++;hm;inl;inc;ipp;xsd</Extensions>
    </Filter>
    <Filter Include="Resource Files">
      <UniqueIdentifier>{67DA6AB6-F800-4c08-8B7A-83BB121AAD01}</UniqueIdentifier>
      <Extensions>rc;ico;cur;bmp;dlg;rc2;rct;bin;rgs;gif;jpg;jpeg;jpe;resx;tiff;tif;png;wav;mfcribbon-ms</Extensions>
    </Filter>
    <Filter Include="Shaders">
      <UniqueIdentifier>{fc7f765a-d438-499a-9dd6-7e9d4b9ef951}</UniqueIdentifier>
    </Filter>
  </ItemGroup>
  <ItemGroup>
    <ClCompile Include="src\Source.cpp">
      <Filter>Source Files</Filter>
    </ClCompile>
    <ClCompile Include="src\glad\glad.c">
      <Filter>Source Files</Filter>
    </ClCompile>
    <ClCompile Include="src\cpp\rendering\shader.cpp">
      <Filter>Source Files</Filter>
    </ClCompile>
    <ClCompile Include="src\cpp\rendering\shader_program.cpp">
      <Filter>Source Files</Filter>
    </ClCompile>
    <ClCompile Include="src\cpp\data\vertex.cpp">
      <Filter>Source Files</Filter>
    </ClCompile>
    <ClCompile Include="src\cpp\stb_image.cpp">
      <Filter>Source Files</Filter>
    </ClCompile>
    <ClCompile Include="src\cpp\rendering\texture.cpp">
      <Filter>Source Files</Filter>
    </ClCompile>
    <ClCompile Include="src\cpp\data\transform.cpp">
      <Filter>Source Files</Filter>
    </ClCompile>
    <ClCompile Include="src\cpp\engine\game_object.cpp">
      <Filter>Source Files</Filter>
    </ClCompile>
    <ClCompile Include="src\cpp\engine\camera.cpp">
      <Filter>Source Files</Filter>
    </ClCompile>
    <ClCompile Include="src\cpp\utils\config.cpp">
      <Filter>Source Files</Filter>
    </ClCompile>
    <ClCompile Include="src\cpp\rendering\color.cpp">
      <Filter>Source Files</Filter>
    </ClCompile>
    <ClCompile Include="src\imgui\imgui.cpp">
      <Filter>Source Files</Filter>
    </ClCompile>
    <ClCompile Include="src\imgui\imgui_demo.cpp">
      <Filter>Source Files</Filter>
    </ClCompile>
    <ClCompile Include="src\imgui\imgui_draw.cpp">
      <Filter>Source Files</Filter>
    </ClCompile>
    <ClCompile Include="src\imgui\imgui_widgets.cpp">
      <Filter>Source Files</Filter>
    </ClCompile>
    <ClCompile Include="src\imgui\imgui_impl_glfw.cpp">
      <Filter>Source Files</Filter>
    </ClCompile>
    <ClCompile Include="src\imgui\imgui_impl_opengl3.cpp">
      <Filter>Source Files</Filter>
    </ClCompile>
    <ClCompile Include="src\cpp\rendering\material.cpp">
      <Filter>Source Files</Filter>
    </ClCompile>
    <ClCompile Include="src\cpp\light\light.cpp">
      <Filter>Source Files</Filter>
    </ClCompile>
    <ClCompile Include="src\cpp\light\point_light.cpp">
      <Filter>Source Files</Filter>
    </ClCompile>
    <ClCompile Include="src\cpp\light\spot_light.cpp">
      <Filter>Source Files</Filter>
    </ClCompile>
    <ClCompile Include="src\cpp\data\mesh.cpp">
      <Filter>Source Files</Filter>
    </ClCompile>
    <ClCompile Include="src\cpp\rendering\renderer.cpp">
      <Filter>Source Files</Filter>
    </ClCompile>
    <ClCompile Include="src\cpp\data\model.cpp">
      <Filter>Source Files</Filter>
    </ClCompile>
    <ClCompile Include="src\cpp\rendering\transparent_renderer.cpp">
      <Filter>Source Files</Filter>
    </ClCompile>
    <ClCompile Include="src\cpp\rendering\frame_buffer.cpp">
      <Filter>Source Files</Filter>
    </ClCompile>
    <ClCompile Include="src\cpp\data\kernel3.cpp">
      <Filter>Source Files</Filter>
    </ClCompile>
    <ClCompile Include="src\cpp\rendering\render_buffer.cpp">
      <Filter>Source Files</Filter>
    </ClCompile>
    <ClCompile Include="src\cpp\rendering\uniform_buffer_object.cpp">
      <Filter>Source Files</Filter>
    </ClCompile>
    <ClCompile Include="src\cpp\rendering\instanced_renderer.cpp">
      <Filter>Source Files</Filter>
    </ClCompile>
    <ClCompile Include="src\cpp\shadow\shadow_renderer.cpp">
      <Filter>Source Files</Filter>
    </ClCompile>
  </ItemGroup>
  <ItemGroup>
    <None Include="src\shaders\pixel\basic_p.glsl" />
    <None Include="src\shaders\vertex\basic_v.glsl">
      <Filter>Shaders</Filter>
    </None>
    <None Include="src\shaders\vertex\light_v.glsl" />
    <None Include="src\shaders\pixel\light_p.glsl" />
    <None Include="src\shaders\pixel\outline_p.glsl" />
    <None Include="src\shaders\vertex\outline_v.glsl" />
    <None Include="src\shaders\pixel\transparent_p.glsl" />
    <None Include="src\shaders\vertex\transparent_v.glsl" />
    <None Include="src\shaders\vertex\screen_space_v.glsl" />
    <None Include="src\shaders\pixel\screen_space_p.glsl" />
    <None Include="src\shaders\vertex\skybox_v.glsl" />
    <None Include="src\shaders\pixel\skybox_p.glsl" />
    <None Include="src\shaders\pixel\asteroid_p.glsl" />
    <None Include="src\shaders\vertex\asteroid_v.glsl" />
    <None Include="src\shaders\vertex\planet_v.glsl" />
    <None Include="src\shaders\pixel\planet_p.glsl" />
    <None Include="res\shaders\vertex\asteroid_v.glsl" />
    <None Include="res\shaders\vertex\basic_v.glsl" />
    <None Include="res\shaders\vertex\light_v.glsl" />
    <None Include="res\shaders\vertex\outline_v.glsl" />
    <None Include="res\shaders\vertex\planet_v.glsl" />
    <None Include="res\shaders\vertex\screen_space_v.glsl" />
    <None Include="res\shaders\vertex\skybox_v.glsl" />
    <None Include="res\shaders\vertex\transparent_v.glsl" />
    <None Include="res\shaders\pixel\transparent_p.glsl" />
    <None Include="res\shaders\pixel\asteroid_p.glsl" />
    <None Include="res\shaders\pixel\basic_p.glsl" />
    <None Include="res\shaders\pixel\light_p.glsl" />
    <None Include="res\shaders\pixel\outline_p.glsl" />
    <None Include="res\shaders\pixel\planet_p.glsl" />
    <None Include="res\shaders\pixel\screen_space_p.glsl" />
    <None Include="res\shaders\pixel\skybox_p.glsl" />
    <None Include="res\shaders\vertex\simple_depth_v.glsl" />
    <None Include="res\shaders\vertex\point_shadow_v.glsl" />
    <None Include="res\shaders\geometry\point_shadow_g.glsl" />
    <None Include="res\shaders\pixel\point_shadow_p.glsl" />
  </ItemGroup>
  <ItemGroup>
    <ClInclude Include="src\headers\rendering\shader.h">
      <Filter>Header Files</Filter>
    </ClInclude>
    <ClInclude Include="src\headers\rendering\shader_program.h">
      <Filter>Header Files</Filter>
    </ClInclude>
    <ClInclude Include="src\headers\data\vertex.h">
      <Filter>Header Files</Filter>
    </ClInclude>
    <ClInclude Include="src\headers\stb_image.h">
      <Filter>Header Files</Filter>
    </ClInclude>
    <ClInclude Include="src\headers\texture_type.h">
      <Filter>Header Files</Filter>
    </ClInclude>
    <ClInclude Include="src\headers\rendering\texture.h">
      <Filter>Header Files</Filter>
    </ClInclude>
    <ClInclude Include="src\headers\data\transform.h">
      <Filter>Header Files</Filter>
    </ClInclude>
    <ClInclude Include="src\headers\engine\camera.h">
      <Filter>Header Files</Filter>
    </ClInclude>
    <ClInclude Include="src\headers\engine\game_object.h">
      <Filter>Header Files</Filter>
    </ClInclude>
    <ClInclude Include="src\headers\utils\config.h">
      <Filter>Header Files</Filter>
    </ClInclude>
    <ClInclude Include="src\headers\rendering\color.h">
      <Filter>Header Files</Filter>
    </ClInclude>
    <ClInclude Include="src\imgui\imconfig.h">
      <Filter>Header Files</Filter>
    </ClInclude>
    <ClInclude Include="src\imgui\imgui.h">
      <Filter>Header Files</Filter>
    </ClInclude>
    <ClInclude Include="src\imgui\imgui_internal.h">
      <Filter>Header Files</Filter>
    </ClInclude>
    <ClInclude Include="src\imgui\imstb_rectpack.h">
      <Filter>Header Files</Filter>
    </ClInclude>
    <ClInclude Include="src\imgui\imstb_textedit.h">
      <Filter>Header Files</Filter>
    </ClInclude>
    <ClInclude Include="src\imgui\imstb_truetype.h">
      <Filter>Header Files</Filter>
    </ClInclude>
    <ClInclude Include="src\imgui\imgui_impl_opengl3.h">
      <Filter>Header Files</Filter>
    </ClInclude>
    <ClInclude Include="src\imgui\imgui_impl_glfw.h">
      <Filter>Header Files</Filter>
    </ClInclude>
    <ClInclude Include="src\headers\rendering\material.h">
      <Filter>Header Files</Filter>
    </ClInclude>
    <ClInclude Include="src\headers\light\light.h">
      <Filter>Header Files</Filter>
    </ClInclude>
    <ClInclude Include="src\headers\light\directional_light.h">
      <Filter>Header Files</Filter>
    </ClInclude>
    <ClInclude Include="src\headers\light\point_light.h">
      <Filter>Header Files</Filter>
    </ClInclude>
    <ClInclude Include="src\headers\light\spot_light.h">
      <Filter>Header Files</Filter>
    </ClInclude>
    <ClInclude Include="src\headers\data\mesh.h">
      <Filter>Header Files</Filter>
    </ClInclude>
    <ClInclude Include="src\headers\rendering\renderer.h">
      <Filter>Header Files</Filter>
    </ClInclude>
    <ClInclude Include="src\headers\data\model.h">
      <Filter>Header Files</Filter>
    </ClInclude>
    <ClInclude Include="src\headers\rendering\transparent_renderer.h">
      <Filter>Header Files</Filter>
    </ClInclude>
    <ClInclude Include="src\headers\rendering\blend_factor.h">
      <Filter>Header Files</Filter>
    </ClInclude>
    <ClInclude Include="src\headers\rendering\frame_buffer.h">
      <Filter>Header Files</Filter>
    </ClInclude>
    <ClInclude Include="src\headers\data\mvp.h">
      <Filter>Header Files</Filter>
    </ClInclude>
    <ClInclude Include="src\headers\data\kernel3.h">
      <Filter>Header Files</Filter>
    </ClInclude>
    <ClInclude Include="src\headers\rendering\render_buffer.h">
      <Filter>Header Files</Filter>
    </ClInclude>
    <ClInclude Include="src\headers\rendering\uniform_buffer_object.h">
      <Filter>Header Files</Filter>
    </ClInclude>
    <ClInclude Include="src\headers\rendering\instanced_renderer.h">
      <Filter>Header Files</Filter>
    </ClInclude>
    <ClInclude Include="res\shaders\pixel\simple_depth_p.glsl">
      <Filter>Header Files</Filter>
    </ClInclude>
    <ClInclude Include="src\headers\shadow\shadow_renderer.h">
      <Filter>Header Files</Filter>
    </ClInclude>
  </ItemGroup>
  <ItemGroup>
    <Image Include="src\resources\wall.jpg">
      <Filter>Resource Files</Filter>
    </Image>
    <Image Include="src\resources\liza.jpg">
      <Filter>Resource Files</Filter>
    </Image>
    <Image Include="src\resources\container_diffuse.jpg">
      <Filter>Resource Files</Filter>
    </Image>
    <Image Include="src\resources\container2_diffuse.png">
      <Filter>Resource Files</Filter>
    </Image>
    <Image Include="src\resources\container2_specular.png">
      <Filter>Resource Files</Filter>
    </Image>
    <Image Include="src\resources\matrix.jpg">
      <Filter>Resource Files</Filter>
    </Image>
    <Image Include="src\resources\grass.png">
      <Filter>Resource Files</Filter>
    </Image>
    <Image Include="src\resources\skybox_0\nx.png">
      <Filter>Resource Files</Filter>
    </Image>
    <Image Include="src\resources\skybox_0\ny.png">
      <Filter>Resource Files</Filter>
    </Image>
    <Image Include="src\resources\skybox_0\nz.png">
      <Filter>Resource Files</Filter>
    </Image>
    <Image Include="src\resources\skybox_0\px.png">
      <Filter>Resource Files</Filter>
    </Image>
    <Image Include="src\resources\skybox_0\py.png">
      <Filter>Resource Files</Filter>
    </Image>
    <Image Include="src\resources\skybox_0\pz.png">
      <Filter>Resource Files</Filter>
    </Image>
    <Image Include="src\resources\skybox_1\nx.png">
      <Filter>Resource Files</Filter>
    </Image>
    <Image Include="src\resources\skybox_1\ny.png">
      <Filter>Resource Files</Filter>
    </Image>
    <Image Include="src\resources\skybox_1\nz.png">
      <Filter>Resource Files</Filter>
    </Image>
    <Image Include="src\resources\skybox_1\px.png">
      <Filter>Resource Files</Filter>
    </Image>
    <Image Include="src\resources\skybox_1\py.png">
      <Filter>Resource Files</Filter>
    </Image>
    <Image Include="src\resources\skybox_1\pz.png">
      <Filter>Resource Files</Filter>
    </Image>
    <Image Include="src\resources\window.png">
      <Filter>Resource Files</Filter>
    </Image>
    <Image Include="res\textures\floor\bricks_normal.jpg">
      <Filter>Resource Files</Filter>
    </Image>
    <Image Include="res\textures\floor\bricks_col.jpg">
      <Filter>Resource Files</Filter>
    </Image>
  </ItemGroup>
</Project>